
Microsoft Visual Studio Solution File, Format Version 12.00
# Visual Studio Version 17
VisualStudioVersion = 17.12.35527.113
MinimumVisualStudioVersion = 10.0.40219.1
Project("{FAE04EC0-301F-11D3-BF4B-00C04F79EFBC}") = "Assi oop 01", "Assi oop 01\Assi oop 01.csproj", "{BC38198A-C0DE-45C1-BFD7-8C4450A99588}"
EndProject
Project("{FAE04EC0-301F-11D3-BF4B-00C04F79EFBC}") = "Task", "Task\Task.csproj", "{A6036551-A232-4175-AD7A-F3EB651C7FF1}"
EndProject
Global
	GlobalSection(SolutionConfigurationPlatforms) = preSolution
		Debug|Any CPU = Debug|Any CPU
		Release|Any CPU = Release|Any CPU
	EndGlobalSection
	GlobalSection(ProjectConfigurationPlatforms) = postSolution
		{BC38198A-C0DE-45C1-BFD7-8C4450A99588}.Debug|Any CPU.ActiveCfg = Debug|Any CPU
		{BC38198A-C0DE-45C1-BFD7-8C4450A99588}.Debug|Any CPU.Build.0 = Debug|Any CPU
		{BC38198A-C0DE-45C1-BFD7-8C4450A99588}.Release|Any CPU.ActiveCfg = Release|Any CPU
		{BC38198A-C0DE-45C1-BFD7-8C4450A99588}.Release|Any CPU.Build.0 = Release|Any CPU
		{A6036551-A232-4175-AD7A-F3EB651C7FF1}.Debug|Any CPU.ActiveCfg = Debug|Any CPU
		{A6036551-A232-4175-AD7A-F3EB651C7FF1}.Debug|Any CPU.Build.0 = Debug|Any CPU
		{A6036551-A232-4175-AD7A-F3EB651C7FF1}.Release|Any CPU.ActiveCfg = Release|Any CPU
		{A6036551-A232-4175-AD7A-F3EB651C7FF1}.Release|Any CPU.Build.0 = Release|Any CPU
	EndGlobalSection
	GlobalSection(SolutionProperties) = preSolution
		HideSolutionNode = FALSE
	EndGlobalSection
EndGlobal
